
Microsoft Visual Studio Solution File, Format Version 12.00
# Visual Studio 15
VisualStudioVersion = 15.0.27130.2010
MinimumVisualStudioVersion = 10.0.40219.1
Project("{9A19103F-16F7-4668-BE54-9A1E7A4F7556}") = "AzureFunctionsInfoV1", "AzureFunctionsInfoV1\AzureFunctionsInfoV1.csproj", "{A886C695-53FD-401B-81A4-0FA60CD79C96}"
EndProject
Project("{FAE04EC0-301F-11D3-BF4B-00C04F79EFBC}") = "AzureFunctionsInfoV2", "AzureFunctionsInfoV2\AzureFunctionsInfoV2.csproj", "{662E3173-254D-4FCE-86D0-5298AE2854EC}"
EndProject
Global
	GlobalSection(SolutionConfigurationPlatforms) = preSolution
		Debug|Any CPU = Debug|Any CPU
		Release|Any CPU = Release|Any CPU
	EndGlobalSection
	GlobalSection(ProjectConfigurationPlatforms) = postSolution
		{A886C695-53FD-401B-81A4-0FA60CD79C96}.Debug|Any CPU.ActiveCfg = Debug|Any CPU
		{A886C695-53FD-401B-81A4-0FA60CD79C96}.Debug|Any CPU.Build.0 = Debug|Any CPU
		{A886C695-53FD-401B-81A4-0FA60CD79C96}.Release|Any CPU.ActiveCfg = Release|Any CPU
		{A886C695-53FD-401B-81A4-0FA60CD79C96}.Release|Any CPU.Build.0 = Release|Any CPU
		{662E3173-254D-4FCE-86D0-5298AE2854EC}.Debug|Any CPU.ActiveCfg = Debug|Any CPU
		{662E3173-254D-4FCE-86D0-5298AE2854EC}.Debug|Any CPU.Build.0 = Debug|Any CPU
		{662E3173-254D-4FCE-86D0-5298AE2854EC}.Release|Any CPU.ActiveCfg = Release|Any CPU
		{662E3173-254D-4FCE-86D0-5298AE2854EC}.Release|Any CPU.Build.0 = Release|Any CPU
	EndGlobalSection
	GlobalSection(SolutionProperties) = preSolution
		HideSolutionNode = FALSE
	EndGlobalSection
	GlobalSection(ExtensibilityGlobals) = postSolution
		SolutionGuid = {D07B52F9-6C4F-42D3-B36E-E65B9005B9CE}
	EndGlobalSection
EndGlobal
